
Microsoft Visual Studio Solution File, Format Version 12.00
# Visual Studio Version 17
VisualStudioVersion = 17.4.33205.214
MinimumVisualStudioVersion = 10.0.40219.1
Project("{FAE04EC0-301F-11D3-BF4B-00C04F79EFBC}") = "EcommerceTech", "EcommerceTech\EcommerceTech.csproj", "{E834B6F1-0E40-495A-9657-C6E3E8309D58}"
EndProject
Global
	GlobalSection(SolutionConfigurationPlatforms) = preSolution
		Debug|Any CPU = Debug|Any CPU
		Release|Any CPU = Release|Any CPU
	EndGlobalSection
	GlobalSection(ProjectConfigurationPlatforms) = postSolution
		{E834B6F1-0E40-495A-9657-C6E3E8309D58}.Debug|Any CPU.ActiveCfg = Debug|Any CPU
		{E834B6F1-0E40-495A-9657-C6E3E8309D58}.Debug|Any CPU.Build.0 = Debug|Any CPU
		{E834B6F1-0E40-495A-9657-C6E3E8309D58}.Release|Any CPU.ActiveCfg = Release|Any CPU
		{E834B6F1-0E40-495A-9657-C6E3E8309D58}.Release|Any CPU.Build.0 = Release|Any CPU
	EndGlobalSection
	GlobalSection(SolutionProperties) = preSolution
		HideSolutionNode = FALSE
	EndGlobalSection
	GlobalSection(ExtensibilityGlobals) = postSolution
		SolutionGuid = {B417DF80-7397-4104-9918-F35D098650D2}
	EndGlobalSection
EndGlobal
